
Microsoft Visual Studio Solution File, Format Version 12.00
# Visual Studio Version 17
VisualStudioVersion = 17.5.002.0
MinimumVisualStudioVersion = 10.0.40219.1
Project("{9A19103F-16F7-4668-BE54-9A1E7A4F7556}") = "ServiceBusConsumerWorker", "ServiceBusConsumerWorker\ServiceBusConsumerWorker.csproj", "{1BB90CBC-2BA6-4326-8071-16AC276C80B6}"
EndProject
Project("{9A19103F-16F7-4668-BE54-9A1E7A4F7556}") = "ServiceBusProducerService", "ServiceBusProducerService\ServiceBusProducerService.csproj", "{7DC36591-2EFA-4CC1-BF91-C4D2D519BF1A}"
EndProject
Project("{9A19103F-16F7-4668-BE54-9A1E7A4F7556}") = "EmailServiceSdk", "EmailServiceSdk\EmailServiceSdk.csproj", "{8A134D51-754B-45DF-A2AF-1E46DD23468F}"
EndProject
Global
	GlobalSection(SolutionConfigurationPlatforms) = preSolution
		Debug|Any CPU = Debug|Any CPU
		Release|Any CPU = Release|Any CPU
	EndGlobalSection
	GlobalSection(ProjectConfigurationPlatforms) = postSolution
		{1BB90CBC-2BA6-4326-8071-16AC276C80B6}.Debug|Any CPU.ActiveCfg = Debug|Any CPU
		{1BB90CBC-2BA6-4326-8071-16AC276C80B6}.Debug|Any CPU.Build.0 = Debug|Any CPU
		{1BB90CBC-2BA6-4326-8071-16AC276C80B6}.Release|Any CPU.ActiveCfg = Release|Any CPU
		{1BB90CBC-2BA6-4326-8071-16AC276C80B6}.Release|Any CPU.Build.0 = Release|Any CPU
		{7DC36591-2EFA-4CC1-BF91-C4D2D519BF1A}.Debug|Any CPU.ActiveCfg = Debug|Any CPU
		{7DC36591-2EFA-4CC1-BF91-C4D2D519BF1A}.Debug|Any CPU.Build.0 = Debug|Any CPU
		{7DC36591-2EFA-4CC1-BF91-C4D2D519BF1A}.Release|Any CPU.ActiveCfg = Release|Any CPU
		{7DC36591-2EFA-4CC1-BF91-C4D2D519BF1A}.Release|Any CPU.Build.0 = Release|Any CPU
		{8A134D51-754B-45DF-A2AF-1E46DD23468F}.Debug|Any CPU.ActiveCfg = Debug|Any CPU
		{8A134D51-754B-45DF-A2AF-1E46DD23468F}.Debug|Any CPU.Build.0 = Debug|Any CPU
		{8A134D51-754B-45DF-A2AF-1E46DD23468F}.Release|Any CPU.ActiveCfg = Release|Any CPU
		{8A134D51-754B-45DF-A2AF-1E46DD23468F}.Release|Any CPU.Build.0 = Release|Any CPU
	EndGlobalSection
	GlobalSection(SolutionProperties) = preSolution
		HideSolutionNode = FALSE
	EndGlobalSection
	GlobalSection(ExtensibilityGlobals) = postSolution
		SolutionGuid = {9AB44C85-659E-4441-AAC1-DC35B0187F2A}
	EndGlobalSection
EndGlobal
