
Microsoft Visual Studio Solution File, Format Version 12.00
# Visual Studio Version 17
VisualStudioVersion = 17.5.002.0
MinimumVisualStudioVersion = 10.0.40219.1
Project("{9A19103F-16F7-4668-BE54-9A1E7A4F7556}") = "ServiceBusProducerService", "ServiceBusProducerService.csproj", "{23250C19-3EDD-4229-A7F1-1184D1DA19F3}"
EndProject
Global
	GlobalSection(SolutionConfigurationPlatforms) = preSolution
		Debug|Any CPU = Debug|Any CPU
		Release|Any CPU = Release|Any CPU
	EndGlobalSection
	GlobalSection(ProjectConfigurationPlatforms) = postSolution
		{23250C19-3EDD-4229-A7F1-1184D1DA19F3}.Debug|Any CPU.ActiveCfg = Debug|Any CPU
		{23250C19-3EDD-4229-A7F1-1184D1DA19F3}.Debug|Any CPU.Build.0 = Debug|Any CPU
		{23250C19-3EDD-4229-A7F1-1184D1DA19F3}.Release|Any CPU.ActiveCfg = Release|Any CPU
		{23250C19-3EDD-4229-A7F1-1184D1DA19F3}.Release|Any CPU.Build.0 = Release|Any CPU
	EndGlobalSection
	GlobalSection(SolutionProperties) = preSolution
		HideSolutionNode = FALSE
	EndGlobalSection
	GlobalSection(ExtensibilityGlobals) = postSolution
		SolutionGuid = {9AB44C85-659E-4441-AAC1-DC35B0187F2A}
	EndGlobalSection
EndGlobal
